// !$*UTF8*$!
{
	archiveVersion = 1;
	classes = {
	};
	objectVersion = 50;
	objects = {

/* Begin PBXBuildFile section */
		11F516C222E3197F008EB60A /* AppDelegate.swift in Sources */ = {isa = PBXBuildFile; fileRef = 11F516C122E3197F008EB60A /* AppDelegate.swift */; };
		11F516C422E3197F008EB60A /* ViewController.swift in Sources */ = {isa = PBXBuildFile; fileRef = 11F516C322E3197F008EB60A /* ViewController.swift */; };
		11F516C722E3197F008EB60A /* Main.storyboard in Resources */ = {isa = PBXBuildFile; fileRef = 11F516C522E3197F008EB60A /* Main.storyboard */; };
		11F516C922E31982008EB60A /* Assets.xcassets in Resources */ = {isa = PBXBuildFile; fileRef = 11F516C822E31982008EB60A /* Assets.xcassets */; };
		11F516CC22E31982008EB60A /* LaunchScreen.storyboard in Resources */ = {isa = PBXBuildFile; fileRef = 11F516CA22E31982008EB60A /* LaunchScreen.storyboard */; };
		11F516D422E32A4B008EB60A /* VKDelegate.swift in Sources */ = {isa = PBXBuildFile; fileRef = 11F516D322E32A4B008EB60A /* VKDelegate.swift */; };
		A5129D3A0177759F66E3B50B /* Pods_VK_client.framework in Frameworks */ = {isa = PBXBuildFile; fileRef = A095AD0EF245CA192F66F6A4 /* Pods_VK_client.framework */; };
/* End PBXBuildFile section */

/* Begin PBXFileReference section */
		11F516BE22E3197F008EB60A /* VK client.app */ = {isa = PBXFileReference; explicitFileType = wrapper.application; includeInIndex = 0; path = "VK client.app"; sourceTree = BUILT_PRODUCTS_DIR; };
		11F516C122E3197F008EB60A /* AppDelegate.swift */ = {isa = PBXFileReference; lastKnownFileType = sourcecode.swift; path = AppDelegate.swift; sourceTree = "<group>"; };
		11F516C322E3197F008EB60A /* ViewController.swift */ = {isa = PBXFileReference; lastKnownFileType = sourcecode.swift; path = ViewController.swift; sourceTree = "<group>"; };
		11F516C622E3197F008EB60A /* Base */ = {isa = PBXFileReference; lastKnownFileType = file.storyboard; name = Base; path = Base.lproj/Main.storyboard; sourceTree = "<group>"; };
		11F516C822E31982008EB60A /* Assets.xcassets */ = {isa = PBXFileReference; lastKnownFileType = folder.assetcatalog; path = Assets.xcassets; sourceTree = "<group>"; };
		11F516CB22E31982008EB60A /* Base */ = {isa = PBXFileReference; lastKnownFileType = file.storyboard; name = Base; path = Base.lproj/LaunchScreen.storyboard; sourceTree = "<group>"; };
		11F516CD22E31982008EB60A /* Info.plist */ = {isa = PBXFileReference; lastKnownFileType = text.plist.xml; path = Info.plist; sourceTree = "<group>"; };
		11F516D322E32A4B008EB60A /* VKDelegate.swift */ = {isa = PBXFileReference; lastKnownFileType = sourcecode.swift; path = VKDelegate.swift; sourceTree = "<group>"; };
		24D8DC0643AC4674EF3CA864 /* Pods-VK client.release.xcconfig */ = {isa = PBXFileReference; includeInIndex = 1; lastKnownFileType = text.xcconfig; name = "Pods-VK client.release.xcconfig"; path = "Target Support Files/Pods-VK client/Pods-VK client.release.xcconfig"; sourceTree = "<group>"; };
		A095AD0EF245CA192F66F6A4 /* Pods_VK_client.framework */ = {isa = PBXFileReference; explicitFileType = wrapper.framework; includeInIndex = 0; path = Pods_VK_client.framework; sourceTree = BUILT_PRODUCTS_DIR; };
		AA46935D8A4D31673A62C75B /* Pods-VK client.debug.xcconfig */ = {isa = PBXFileReference; includeInIndex = 1; lastKnownFileType = text.xcconfig; name = "Pods-VK client.debug.xcconfig"; path = "Target Support Files/Pods-VK client/Pods-VK client.debug.xcconfig"; sourceTree = "<group>"; };
/* End PBXFileReference section */

/* Begin PBXFrameworksBuildPhase section */
		11F516BB22E3197F008EB60A /* Frameworks */ = {
			isa = PBXFrameworksBuildPhase;
			buildActionMask = 2147483647;
			files = (
				A5129D3A0177759F66E3B50B /* Pods_VK_client.framework in Frameworks */,
			);
			runOnlyForDeploymentPostprocessing = 0;
		};
/* End PBXFrameworksBuildPhase section */

/* Begin PBXGroup section */
		11F516B522E3197F008EB60A = {
			isa = PBXGroup;
			children = (
				11F516C022E3197F008EB60A /* VK client */,
				11F516BF22E3197F008EB60A /* Products */,
				B4CEC32534DC5E755E650539 /* Pods */,
				415C8543B6C421AA8E20FFF0 /* Frameworks */,
			);
			sourceTree = "<group>";
		};
		11F516BF22E3197F008EB60A /* Products */ = {
			isa = PBXGroup;
			children = (
				11F516BE22E3197F008EB60A /* VK client.app */,
			);
			name = Products;
			sourceTree = "<group>";
		};
		11F516C022E3197F008EB60A /* VK client */ = {
			isa = PBXGroup;
			children = (
				11F516C122E3197F008EB60A /* AppDelegate.swift */,
				11F516D522E32D54008EB60A /* Controller */,
				11F516D722E32D7E008EB60A /* View */,
				11F516D622E32D70008EB60A /* Supporting Files */,
				11F516CD22E31982008EB60A /* Info.plist */,
			);
			path = "VK client";
			sourceTree = "<group>";
		};
		11F516D522E32D54008EB60A /* Controller */ = {
			isa = PBXGroup;
			children = (
				11F516C322E3197F008EB60A /* ViewController.swift */,
				11F516D322E32A4B008EB60A /* VKDelegate.swift */,
			);
			path = Controller;
			sourceTree = "<group>";
		};
		11F516D622E32D70008EB60A /* Supporting Files */ = {
			isa = PBXGroup;
			children = (
				11F516C822E31982008EB60A /* Assets.xcassets */,
				11F516CA22E31982008EB60A /* LaunchScreen.storyboard */,
			);
			path = "Supporting Files";
			sourceTree = "<group>";
		};
		11F516D722E32D7E008EB60A /* View */ = {
			isa = PBXGroup;
			children = (
				11F516C522E3197F008EB60A /* Main.storyboard */,
			);
			path = View;
			sourceTree = "<group>";
		};
		415C8543B6C421AA8E20FFF0 /* Frameworks */ = {
			isa = PBXGroup;
			children = (
				A095AD0EF245CA192F66F6A4 /* Pods_VK_client.framework */,
			);
			name = Frameworks;
			sourceTree = "<group>";
		};
		B4CEC32534DC5E755E650539 /* Pods */ = {
			isa = PBXGroup;
			children = (
				AA46935D8A4D31673A62C75B /* Pods-VK client.debug.xcconfig */,
				24D8DC0643AC4674EF3CA864 /* Pods-VK client.release.xcconfig */,
			);
			path = Pods;
			sourceTree = "<group>";
		};
/* End PBXGroup section */

/* Begin PBXNativeTarget section */
		11F516BD22E3197F008EB60A /* VK client */ = {
			isa = PBXNativeTarget;
			buildConfigurationList = 11F516D022E31982008EB60A /* Build configuration list for PBXNativeTarget "VK client" */;
			buildPhases = (
				A623600D0730ED886A85A7D9 /* [CP] Check Pods Manifest.lock */,
				11F516BA22E3197F008EB60A /* Sources */,
				11F516BB22E3197F008EB60A /* Frameworks */,
				11F516BC22E3197F008EB60A /* Resources */,
				3DC08D2B5107653F7EE1D616 /* [CP] Embed Pods Frameworks */,
			);
			buildRules = (
			);
			dependencies = (
			);
			name = "VK client";
			productName = "VK client";
			productReference = 11F516BE22E3197F008EB60A /* VK client.app */;
			productType = "com.apple.product-type.application";
		};
/* End PBXNativeTarget section */

/* Begin PBXProject section */
		11F516B622E3197F008EB60A /* Project object */ = {
			isa = PBXProject;
			attributes = {
				LastSwiftUpdateCheck = 1020;
				LastUpgradeCheck = 1020;
				ORGANIZATIONNAME = "Nikita Glushchenko";
				TargetAttributes = {
					11F516BD22E3197F008EB60A = {
						CreatedOnToolsVersion = 10.2.1;
					};
				};
			};
			buildConfigurationList = 11F516B922E3197F008EB60A /* Build configuration list for PBXProject "VK client" */;
			compatibilityVersion = "Xcode 9.3";
			developmentRegion = en;
			hasScannedForEncodings = 0;
			knownRegions = (
				en,
				Base,
			);
			mainGroup = 11F516B522E3197F008EB60A;
			productRefGroup = 11F516BF22E3197F008EB60A /* Products */;
			projectDirPath = "";
			projectRoot = "";
			targets = (
				11F516BD22E3197F008EB60A /* VK client */,
			);
		};
/* End PBXProject section */

/* Begin PBXResourcesBuildPhase section */
		11F516BC22E3197F008EB60A /* Resources */ = {
			isa = PBXResourcesBuildPhase;
			buildActionMask = 2147483647;
			files = (
				11F516CC22E31982008EB60A /* LaunchScreen.storyboard in Resources */,
				11F516C922E31982008EB60A /* Assets.xcassets in Resources */,
				11F516C722E3197F008EB60A /* Main.storyboard in Resources */,
			);
			runOnlyForDeploymentPostprocessing = 0;
		};
/* End PBXResourcesBuildPhase section */

/* Begin PBXShellScriptBuildPhase section */
		3DC08D2B5107653F7EE1D616 /* [CP] Embed Pods Frameworks */ = {
			isa = PBXShellScriptBuildPhase;
			buildActionMask = 2147483647;
			files = (
			);
			inputFileListPaths = (
			);
			inputPaths = (
				"${PODS_ROOT}/Target Support Files/Pods-VK client/Pods-VK client-frameworks.sh",
				"${BUILT_PRODUCTS_DIR}/SwiftyVK/SwiftyVK.framework",
			);
			name = "[CP] Embed Pods Frameworks";
			outputFileListPaths = (
			);
			outputPaths = (
				"${TARGET_BUILD_DIR}/${FRAMEWORKS_FOLDER_PATH}/SwiftyVK.framework",
			);
			runOnlyForDeploymentPostprocessing = 0;
			shellPath = /bin/sh;
			shellScript = "\"${PODS_ROOT}/Target Support Files/Pods-VK client/Pods-VK client-frameworks.sh\"\n";
			showEnvVarsInLog = 0;
		};
		A623600D0730ED886A85A7D9 /* [CP] Check Pods Manifest.lock */ = {
			isa = PBXShellScriptBuildPhase;
			buildActionMask = 2147483647;
			files = (
			);
			inputFileListPaths = (
			);
			inputPaths = (
				"${PODS_PODFILE_DIR_PATH}/Podfile.lock",
				"${PODS_ROOT}/Manifest.lock",
			);
			name = "[CP] Check Pods Manifest.lock";
			outputFileListPaths = (
			);
			outputPaths = (
				"$(DERIVED_FILE_DIR)/Pods-VK client-checkManifestLockResult.txt",
			);
			runOnlyForDeploymentPostprocessing = 0;
			shellPath = /bin/sh;
			shellScript = "diff \"${PODS_PODFILE_DIR_PATH}/Podfile.lock\" \"${PODS_ROOT}/Manifest.lock\" > /dev/null\nif [ $? != 0 ] ; then\n    # print error to STDERR\n    echo \"error: The sandbox is not in sync with the Podfile.lock. Run 'pod install' or update your CocoaPods installation.\" >&2\n    exit 1\nfi\n# This output is used by Xcode 'outputs' to avoid re-running this script phase.\necho \"SUCCESS\" > \"${SCRIPT_OUTPUT_FILE_0}\"\n";
			showEnvVarsInLog = 0;
		};
/* End PBXShellScriptBuildPhase section */

/* Begin PBXSourcesBuildPhase section */
		11F516BA22E3197F008EB60A /* Sources */ = {
			isa = PBXSourcesBuildPhase;
			buildActionMask = 2147483647;
			files = (
				11F516C422E3197F008EB60A /* ViewController.swift in Sources */,
				11F516C222E3197F008EB60A /* AppDelegate.swift in Sources */,
				11F516D422E32A4B008EB60A /* VKDelegate.swift in Sources */,
			);
			runOnlyForDeploymentPostprocessing = 0;
		};
/* End PBXSourcesBuildPhase section */

/* Begin PBXVariantGroup section */
		11F516C522E3197F008EB60A /* Main.storyboard */ = {
			isa = PBXVariantGroup;
			children = (
				11F516C622E3197F008EB60A /* Base */,
			);
			name = Main.storyboard;
			sourceTree = "<group>";
		};
		11F516CA22E31982008EB60A /* LaunchScreen.storyboard */ = {
			isa = PBXVariantGroup;
			children = (
				11F516CB22E31982008EB60A /* Base */,
			);
			name = LaunchScreen.storyboard;
			sourceTree = "<group>";
		};
/* End PBXVariantGroup section */

/* Begin XCBuildConfiguration section */
		11F516CE22E31982008EB60A /* Debug */ = {
			isa = XCBuildConfiguration;
			buildSettings = {
				ALWAYS_SEARCH_USER_PATHS = NO;
				CLANG_ANALYZER_NONNULL = YES;
				CLANG_ANALYZER_NUMBER_OBJECT_CONVERSION = YES_AGGRESSIVE;
				CLANG_CXX_LANGUAGE_STANDARD = "gnu++14";
				CLANG_CXX_LIBRARY = "libc++";
				CLANG_ENABLE_MODULES = YES;
				CLANG_ENABLE_OBJC_ARC = YES;
				CLANG_ENABLE_OBJC_WEAK = YES;
				CLANG_WARN_BLOCK_CAPTURE_AUTORELEASING = YES;
				CLANG_WARN_BOOL_CONVERSION = YES;
				CLANG_WARN_COMMA = YES;
				CLANG_WARN_CONSTANT_CONVERSION = YES;
				CLANG_WARN_DEPRECATED_OBJC_IMPLEMENTATIONS = YES;
				CLANG_WARN_DIRECT_OBJC_ISA_USAGE = YES_ERROR;
				CLANG_WARN_DOCUMENTATION_COMMENTS = YES;
				CLANG_WARN_EMPTY_BODY = YES;
				CLANG_WARN_ENUM_CONVERSION = YES;
				CLANG_WARN_INFINITE_RECURSION = YES;
				CLANG_WARN_INT_CONVERSION = YES;
				CLANG_WARN_NON_LITERAL_NULL_CONVERSION = YES;
				CLANG_WARN_OBJC_IMPLICIT_RETAIN_SELF = YES;
				CLANG_WARN_OBJC_LITERAL_CONVERSION = YES;
				CLANG_WARN_OBJC_ROOT_CLASS = YES_ERROR;
				CLANG_WARN_RANGE_LOOP_ANALYSIS = YES;
				CLANG_WARN_STRICT_PROTOTYPES = YES;
				CLANG_WARN_SUSPICIOUS_MOVE = YES;
				CLANG_WARN_UNGUARDED_AVAILABILITY = YES_AGGRESSIVE;
				CLANG_WARN_UNREACHABLE_CODE = YES;
				CLANG_WARN__DUPLICATE_METHOD_MATCH = YES;
				CODE_SIGN_IDENTITY = "iPhone Developer";
				COPY_PHASE_STRIP = NO;
				DEBUG_INFORMATION_FORMAT = dwarf;
				ENABLE_STRICT_OBJC_MSGSEND = YES;
				ENABLE_TESTABILITY = YES;
				GCC_C_LANGUAGE_STANDARD = gnu11;
				GCC_DYNAMIC_NO_PIC = NO;
				GCC_NO_COMMON_BLOCKS = YES;
				GCC_OPTIMIZATION_LEVEL = 0;
				GCC_PREPROCESSOR_DEFINITIONS = (
					"DEBUG=1",
					"$(inherited)",
				);
				GCC_WARN_64_TO_32_BIT_CONVERSION = YES;
				GCC_WARN_ABOUT_RETURN_TYPE = YES_ERROR;
				GCC_WARN_UNDECLARED_SELECTOR = YES;
				GCC_WARN_UNINITIALIZED_AUTOS = YES_AGGRESSIVE;
				GCC_WARN_UNUSED_FUNCTION = YES;
				GCC_WARN_UNUSED_VARIABLE = YES;
				IPHONEOS_DEPLOYMENT_TARGET = 12.2;
				MTL_ENABLE_DEBUG_INFO = INCLUDE_SOURCE;
				MTL_FAST_MATH = YES;
				ONLY_ACTIVE_ARCH = YES;
				SDKROOT = iphoneos;
				SWIFT_ACTIVE_COMPILATION_CONDITIONS = DEBUG;
				SWIFT_OPTIMIZATION_LEVEL = "-Onone";
			};
			name = Debug;
		};
		11F516CF22E31982008EB60A /* Release */ = {
			isa = XCBuildConfiguration;
			buildSettings = {
				ALWAYS_SEARCH_USER_PATHS = NO;
				CLANG_ANALYZER_NONNULL = YES;
				CLANG_ANALYZER_NUMBER_OBJECT_CONVERSION = YES_AGGRESSIVE;
				CLANG_CXX_LANGUAGE_STANDARD = "gnu++14";
				CLANG_CXX_LIBRARY = "libc++";
				CLANG_ENABLE_MODULES = YES;
				CLANG_ENABLE_OBJC_ARC = YES;
				CLANG_ENABLE_OBJC_WEAK = YES;
				CLANG_WARN_BLOCK_CAPTURE_AUTORELEASING = YES;
				CLANG_WARN_BOOL_CONVERSION = YES;
				CLANG_WARN_COMMA = YES;
				CLANG_WARN_CONSTANT_CONVERSION = YES;
				CLANG_WARN_DEPRECATED_OBJC_IMPLEMENTATIONS = YES;
				CLANG_WARN_DIRECT_OBJC_ISA_USAGE = YES_ERROR;
				CLANG_WARN_DOCUMENTATION_COMMENTS = YES;
				CLANG_WARN_EMPTY_BODY = YES;
				CLANG_WARN_ENUM_CONVERSION = YES;
				CLANG_WARN_INFINITE_RECURSION = YES;
				CLANG_WARN_INT_CONVERSION = YES;
				CLANG_WARN_NON_LITERAL_NULL_CONVERSION = YES;
				CLANG_WARN_OBJC_IMPLICIT_RETAIN_SELF = YES;
				CLANG_WARN_OBJC_LITERAL_CONVERSION = YES;
				CLANG_WARN_OBJC_ROOT_CLASS = YES_ERROR;
				CLANG_WARN_RANGE_LOOP_ANALYSIS = YES;
				CLANG_WARN_STRICT_PROTOTYPES = YES;
				CLANG_WARN_SUSPICIOUS_MOVE = YES;
				CLANG_WARN_UNGUARDED_AVAILABILITY = YES_AGGRESSIVE;
				CLANG_WARN_UNREACHABLE_CODE = YES;
				CLANG_WARN__DUPLICATE_METHOD_MATCH = YES;
				CODE_SIGN_IDENTITY = "iPhone Developer";
				COPY_PHASE_STRIP = NO;
				DEBUG_INFORMATION_FORMAT = "dwarf-with-dsym";
				ENABLE_NS_ASSERTIONS = NO;
				ENABLE_STRICT_OBJC_MSGSEND = YES;
				GCC_C_LANGUAGE_STANDARD = gnu11;
				GCC_NO_COMMON_BLOCKS = YES;
				GCC_WARN_64_TO_32_BIT_CONVERSION = YES;
				GCC_WARN_ABOUT_RETURN_TYPE = YES_ERROR;
				GCC_WARN_UNDECLARED_SELECTOR = YES;
				GCC_WARN_UNINITIALIZED_AUTOS = YES_AGGRESSIVE;
				GCC_WARN_UNUSED_FUNCTION = YES;
				GCC_WARN_UNUSED_VARIABLE = YES;
				IPHONEOS_DEPLOYMENT_TARGET = 12.2;
				MTL_ENABLE_DEBUG_INFO = NO;
				MTL_FAST_MATH = YES;
				SDKROOT = iphoneos;
				SWIFT_COMPILATION_MODE = wholemodule;
				SWIFT_OPTIMIZATION_LEVEL = "-O";
				VALIDATE_PRODUCT = YES;
			};
			name = Release;
		};
		11F516D122E31982008EB60A /* Debug */ = {
			isa = XCBuildConfiguration;
			baseConfigurationReference = AA46935D8A4D31673A62C75B /* Pods-VK client.debug.xcconfig */;
			buildSettings = {
				ASSETCATALOG_COMPILER_APPICON_NAME = AppIcon;
				CODE_SIGN_STYLE = Automatic;
				DEVELOPMENT_TEAM = SV29KXS645;
				INFOPLIST_FILE = "VK client/Info.plist";
				IPHONEOS_DEPLOYMENT_TARGET = 10.0;
				LD_RUNPATH_SEARCH_PATHS = (
					"$(inherited)",
					"@executable_path/Frameworks",
				);
				PRODUCT_BUNDLE_IDENTIFIER = "glushchenko.nikita.VK-client";
				PRODUCT_NAME = "$(TARGET_NAME)";
				SWIFT_VERSION = 5.0;
				TARGETED_DEVICE_FAMILY = "1,2";
			};
			name = Debug;
		};
		11F516D222E31982008EB60A /* Release */ = {
			isa = XCBuildConfiguration;
			baseConfigurationReference = 24D8DC0643AC4674EF3CA864 /* Pods-VK client.release.xcconfig */;
			buildSettings = {
				ASSETCATALOG_COMPILER_APPICON_NAME = AppIcon;
				CODE_SIGN_STYLE = Automatic;
				DEVELOPMENT_TEAM = SV29KXS645;
				INFOPLIST_FILE = "VK client/Info.plist";
				IPHONEOS_DEPLOYMENT_TARGET = 10.0;
				LD_RUNPATH_SEARCH_PATHS = (
					"$(inherited)",
					"@executable_path/Frameworks",
				);
				PRODUCT_BUNDLE_IDENTIFIER = "glushchenko.nikita.VK-client";
				PRODUCT_NAME = "$(TARGET_NAME)";
				SWIFT_VERSION = 5.0;
				TARGETED_DEVICE_FAMILY = "1,2";
			};
			name = Release;
		};
/* End XCBuildConfiguration section */

/* Begin XCConfigurationList section */
		11F516B922E3197F008EB60A /* Build configuration list for PBXProject "VK client" */ = {
			isa = XCConfigurationList;
			buildConfigurations = (
				11F516CE22E31982008EB60A /* Debug */,
				11F516CF22E31982008EB60A /* Release */,
			);
			defaultConfigurationIsVisible = 0;
			defaultConfigurationName = Release;
		};
		11F516D022E31982008EB60A /* Build configuration list for PBXNativeTarget "VK client" */ = {
			isa = XCConfigurationList;
			buildConfigurations = (
				11F516D122E31982008EB60A /* Debug */,
				11F516D222E31982008EB60A /* Release */,
			);
			defaultConfigurationIsVisible = 0;
			defaultConfigurationName = Release;
		};
/* End XCConfigurationList section */
	};
	rootObject = 11F516B622E3197F008EB60A /* Project object */;
}
